
Microsoft Visual Studio Solution File, Format Version 12.00
# Visual Studio Version 17
VisualStudioVersion = 17.3.32922.545
MinimumVisualStudioVersion = 10.0.40219.1
Project("{9A19103F-16F7-4668-BE54-9A1E7A4F7556}") = "Core", "Core\Core.csproj", "{F0B0519B-7062-4C7D-9DF8-717A12993514}"
EndProject
Project("{9A19103F-16F7-4668-BE54-9A1E7A4F7556}") = "DataAccess", "DataAccess\DataAccess.csproj", "{808DDBF3-06F4-45B5-8A06-0D967C6A9276}"
EndProject
Project("{9A19103F-16F7-4668-BE54-9A1E7A4F7556}") = "Business", "Business\Business.csproj", "{BD1D549C-8462-46C5-A607-E4321DB47BE3}"
EndProject
Project("{9A19103F-16F7-4668-BE54-9A1E7A4F7556}") = "WebAPI", "WebAPI\WebAPI.csproj", "{42B71155-01CF-4CF0-B879-92DB3F0555B6}"
EndProject
Project("{9A19103F-16F7-4668-BE54-9A1E7A4F7556}") = "Entities", "Entities\Entities.csproj", "{0DBAB6F0-AEB6-463F-97C0-A4351B252814}"
EndProject
Project("{FAE04EC0-301F-11D3-BF4B-00C04F79EFBC}") = "RabbitMQConsumer", "RabbitMQConsumer\RabbitMQConsumer.csproj", "{30948B13-9DB9-48C8-98C7-A4FCB21494CE}"
EndProject
Global
	GlobalSection(SolutionConfigurationPlatforms) = preSolution
		Debug|Any CPU = Debug|Any CPU
		Release|Any CPU = Release|Any CPU
	EndGlobalSection
	GlobalSection(ProjectConfigurationPlatforms) = postSolution
		{F0B0519B-7062-4C7D-9DF8-717A12993514}.Debug|Any CPU.ActiveCfg = Debug|Any CPU
		{F0B0519B-7062-4C7D-9DF8-717A12993514}.Debug|Any CPU.Build.0 = Debug|Any CPU
		{F0B0519B-7062-4C7D-9DF8-717A12993514}.Release|Any CPU.ActiveCfg = Release|Any CPU
		{F0B0519B-7062-4C7D-9DF8-717A12993514}.Release|Any CPU.Build.0 = Release|Any CPU
		{808DDBF3-06F4-45B5-8A06-0D967C6A9276}.Debug|Any CPU.ActiveCfg = Debug|Any CPU
		{808DDBF3-06F4-45B5-8A06-0D967C6A9276}.Debug|Any CPU.Build.0 = Debug|Any CPU
		{808DDBF3-06F4-45B5-8A06-0D967C6A9276}.Release|Any CPU.ActiveCfg = Release|Any CPU
		{808DDBF3-06F4-45B5-8A06-0D967C6A9276}.Release|Any CPU.Build.0 = Release|Any CPU
		{BD1D549C-8462-46C5-A607-E4321DB47BE3}.Debug|Any CPU.ActiveCfg = Debug|Any CPU
		{BD1D549C-8462-46C5-A607-E4321DB47BE3}.Debug|Any CPU.Build.0 = Debug|Any CPU
		{BD1D549C-8462-46C5-A607-E4321DB47BE3}.Release|Any CPU.ActiveCfg = Release|Any CPU
		{BD1D549C-8462-46C5-A607-E4321DB47BE3}.Release|Any CPU.Build.0 = Release|Any CPU
		{42B71155-01CF-4CF0-B879-92DB3F0555B6}.Debug|Any CPU.ActiveCfg = Debug|Any CPU
		{42B71155-01CF-4CF0-B879-92DB3F0555B6}.Debug|Any CPU.Build.0 = Debug|Any CPU
		{42B71155-01CF-4CF0-B879-92DB3F0555B6}.Release|Any CPU.ActiveCfg = Release|Any CPU
		{42B71155-01CF-4CF0-B879-92DB3F0555B6}.Release|Any CPU.Build.0 = Release|Any CPU
		{0DBAB6F0-AEB6-463F-97C0-A4351B252814}.Debug|Any CPU.ActiveCfg = Debug|Any CPU
		{0DBAB6F0-AEB6-463F-97C0-A4351B252814}.Debug|Any CPU.Build.0 = Debug|Any CPU
		{0DBAB6F0-AEB6-463F-97C0-A4351B252814}.Release|Any CPU.ActiveCfg = Release|Any CPU
		{0DBAB6F0-AEB6-463F-97C0-A4351B252814}.Release|Any CPU.Build.0 = Release|Any CPU
		{30948B13-9DB9-48C8-98C7-A4FCB21494CE}.Debug|Any CPU.ActiveCfg = Debug|Any CPU
		{30948B13-9DB9-48C8-98C7-A4FCB21494CE}.Debug|Any CPU.Build.0 = Debug|Any CPU
		{30948B13-9DB9-48C8-98C7-A4FCB21494CE}.Release|Any CPU.ActiveCfg = Release|Any CPU
		{30948B13-9DB9-48C8-98C7-A4FCB21494CE}.Release|Any CPU.Build.0 = Release|Any CPU
	EndGlobalSection
	GlobalSection(SolutionProperties) = preSolution
		HideSolutionNode = FALSE
	EndGlobalSection
	GlobalSection(ExtensibilityGlobals) = postSolution
		SolutionGuid = {5D8280DE-1036-48A8-9F5F-4609BEFC1357}
	EndGlobalSection
EndGlobal
